
Microsoft Visual Studio Solution File, Format Version 12.00
# Visual Studio Version 17
VisualStudioVersion = 17.2.32616.157
MinimumVisualStudioVersion = 10.0.40219.1
Project("{9A19103F-16F7-4668-BE54-9A1E7A4F7556}") = "Dominio", "Dominio\Dominio.csproj", "{F53CFE6F-86B2-4857-8C7D-9EE563F7848F}"
EndProject
Project("{9A19103F-16F7-4668-BE54-9A1E7A4F7556}") = "GoDrive.Api", "GoDrive.Api\GoDrive.Api.csproj", "{C883A913-D966-41F4-8BF9-8F2D2CF01454}"
EndProject
Project("{9A19103F-16F7-4668-BE54-9A1E7A4F7556}") = "Persistencia", "Persistencia\Persistencia.csproj", "{8DD26765-89CE-468B-9450-03A3233FFB4E}"
EndProject
Project("{FAE04EC0-301F-11D3-BF4B-00C04F79EFBC}") = "Aplicacion", "Aplicacion\Aplicacion.csproj", "{1F3FBD5C-703B-49CF-BADF-235E76C2506C}"
EndProject
Global
	GlobalSection(SolutionConfigurationPlatforms) = preSolution
		Debug|Any CPU = Debug|Any CPU
		Release|Any CPU = Release|Any CPU
	EndGlobalSection
	GlobalSection(ProjectConfigurationPlatforms) = postSolution
		{F53CFE6F-86B2-4857-8C7D-9EE563F7848F}.Debug|Any CPU.ActiveCfg = Debug|Any CPU
		{F53CFE6F-86B2-4857-8C7D-9EE563F7848F}.Debug|Any CPU.Build.0 = Debug|Any CPU
		{F53CFE6F-86B2-4857-8C7D-9EE563F7848F}.Release|Any CPU.ActiveCfg = Release|Any CPU
		{F53CFE6F-86B2-4857-8C7D-9EE563F7848F}.Release|Any CPU.Build.0 = Release|Any CPU
		{C883A913-D966-41F4-8BF9-8F2D2CF01454}.Debug|Any CPU.ActiveCfg = Debug|Any CPU
		{C883A913-D966-41F4-8BF9-8F2D2CF01454}.Debug|Any CPU.Build.0 = Debug|Any CPU
		{C883A913-D966-41F4-8BF9-8F2D2CF01454}.Release|Any CPU.ActiveCfg = Release|Any CPU
		{C883A913-D966-41F4-8BF9-8F2D2CF01454}.Release|Any CPU.Build.0 = Release|Any CPU
		{8DD26765-89CE-468B-9450-03A3233FFB4E}.Debug|Any CPU.ActiveCfg = Debug|Any CPU
		{8DD26765-89CE-468B-9450-03A3233FFB4E}.Debug|Any CPU.Build.0 = Debug|Any CPU
		{8DD26765-89CE-468B-9450-03A3233FFB4E}.Release|Any CPU.ActiveCfg = Release|Any CPU
		{8DD26765-89CE-468B-9450-03A3233FFB4E}.Release|Any CPU.Build.0 = Release|Any CPU
		{1F3FBD5C-703B-49CF-BADF-235E76C2506C}.Debug|Any CPU.ActiveCfg = Debug|Any CPU
		{1F3FBD5C-703B-49CF-BADF-235E76C2506C}.Debug|Any CPU.Build.0 = Debug|Any CPU
		{1F3FBD5C-703B-49CF-BADF-235E76C2506C}.Release|Any CPU.ActiveCfg = Release|Any CPU
		{1F3FBD5C-703B-49CF-BADF-235E76C2506C}.Release|Any CPU.Build.0 = Release|Any CPU
	EndGlobalSection
	GlobalSection(SolutionProperties) = preSolution
		HideSolutionNode = FALSE
	EndGlobalSection
	GlobalSection(ExtensibilityGlobals) = postSolution
		SolutionGuid = {AE582611-48EF-4D63-BC49-A6CB8275E4F9}
	EndGlobalSection
EndGlobal
